// !$*UTF8*$!
{
	archiveVersion = 1;
	classes = {
	};
	objectVersion = 77;
	objects = {

/* Begin PBXBuildFile section */
		A82346A82FEC9FD800D64E5C /* AppData.swift in Sources */ = {isa = PBXBuildFile; fileRef = A82346A72FEC9FD500D64E5C /* AppData.swift */; };
		A85795CC2FFC7C09006B1DAE /* FilterState.swift in Sources */ = {isa = PBXBuildFile; fileRef = A85795CB2FFC7C04006B1DAE /* FilterState.swift */; };
		A85E94B53005AE830035EF32 /* ViewTypeSwitch.swift in Sources */ = {isa = PBXBuildFile; fileRef = A85E94B43005AE790035EF32 /* ViewTypeSwitch.swift */; };
		A87FE97C300314D700C46C7F /* TitleAndButtonLayout.swift in Sources */ = {isa = PBXBuildFile; fileRef = A87FE97B300314C600C46C7F /* TitleAndButtonLayout.swift */; };
		A8AAEF2D2FF486C9003BBD38 /* FileProvider.swift in Sources */ = {isa = PBXBuildFile; fileRef = A8AAEF2C2FF486C1003BBD38 /* FileProvider.swift */; };
		A8B96DE62FF9D7DE00CAEB50 /* SampleProviders.swift in Sources */ = {isa = PBXBuildFile; fileRef = A8B96DE52FF9D7DC00CAEB50 /* SampleProviders.swift */; };
		A8B96DEA2FF9D8EA00CAEB50 /* File.swift in Sources */ = {isa = PBXBuildFile; fileRef = A8B96DE92FF9D8E500CAEB50 /* File.swift */; };
		A8B96DEC2FF9D94600CAEB50 /* GenericSummary.swift in Sources */ = {isa = PBXBuildFile; fileRef = A8B96DEB2FF9D93B00CAEB50 /* GenericSummary.swift */; };
		A8B96DF12FF9DA6F00CAEB50 /* GenericGraph.swift in Sources */ = {isa = PBXBuildFile; fileRef = A8B96DF02FF9DA6700CAEB50 /* GenericGraph.swift */; };
		A8B96DF42FF9DABC00CAEB50 /* GenericDataTable.swift in Sources */ = {isa = PBXBuildFile; fileRef = A8B96DF32FF9DAB300CAEB50 /* GenericDataTable.swift */; };
		A8E5C1662FEC3882009AF2F4 /* Error.swift in Sources */ = {isa = PBXBuildFile; fileRef = A8E5C1512FEC3882009AF2F4 /* Error.swift */; };
		A8E5C1672FEC3882009AF2F4 /* FileLoader.swift in Sources */ = {isa = PBXBuildFile; fileRef = A8E5C15D2FEC3882009AF2F4 /* FileLoader.swift */; };
		A8E5C1682FEC3882009AF2F4 /* DateFilter.swift in Sources */ = {isa = PBXBuildFile; fileRef = A8E5C14F2FEC3882009AF2F4 /* DateFilter.swift */; };
		A8E5C16B2FEC3882009AF2F4 /* MakeGenericGraph.swift in Sources */ = {isa = PBXBuildFile; fileRef = A8E5C1532FEC3882009AF2F4 /* MakeGenericGraph.swift */; };
		A8E5C16C2FEC3882009AF2F4 /* View - WoW.swift in Sources */ = {isa = PBXBuildFile; fileRef = A8E5C1622FEC3882009AF2F4 /* View - WoW.swift */; };
		A8E5C16D2FEC3882009AF2F4 /* AICostTimeUsageAnalysisDashboardApp.swift in Sources */ = {isa = PBXBuildFile; fileRef = A8E5C14B2FEC3882009AF2F4 /* AICostTimeUsageAnalysisDashboardApp.swift */; };
		A8E5C16E2FEC3882009AF2F4 /* MultiSelectFilter.swift in Sources */ = {isa = PBXBuildFile; fileRef = A8E5C1522FEC3882009AF2F4 /* MultiSelectFilter.swift */; };
		A8E5C16F2FEC3882009AF2F4 /* ContentView.swift in Sources */ = {isa = PBXBuildFile; fileRef = A8E5C14D2FEC3882009AF2F4 /* ContentView.swift */; };
		A8E5C1722FEC3882009AF2F4 /* View - Aggregation.swift in Sources */ = {isa = PBXBuildFile; fileRef = A8E5C1602FEC3882009AF2F4 /* View - Aggregation.swift */; };
		A8E5C1752FEC3882009AF2F4 /* CSVExport.swift in Sources */ = {isa = PBXBuildFile; fileRef = A8E5C14E2FEC3882009AF2F4 /* CSVExport.swift */; };
		A8E5C1782FEC3882009AF2F4 /* View - Overview.swift in Sources */ = {isa = PBXBuildFile; fileRef = A8E5C1632FEC3882009AF2F4 /* View - Overview.swift */; };
		A8E5C17A2FEC3882009AF2F4 /* View - DrillDown.swift in Sources */ = {isa = PBXBuildFile; fileRef = A8E5C1612FEC3882009AF2F4 /* View - DrillDown.swift */; };
		A8E5C17B2FEC3882009AF2F4 /* DrillDown.swift in Sources */ = {isa = PBXBuildFile; fileRef = A8E5C1502FEC3882009AF2F4 /* DrillDown.swift */; };
		A8E5C17C2FEC3882009AF2F4 /* Assets.xcassets in Resources */ = {isa = PBXBuildFile; fileRef = A8E5C14C2FEC3882009AF2F4 /* Assets.xcassets */; };
		A8E5C17D2FEC3882009AF2F4 /* sample-data.json in Resources */ = {isa = PBXBuildFile; fileRef = A8E5C15F2FEC3882009AF2F4 /* sample-data.json */; };
		A8F009F63004793B002E9E68 /* InfoButton.swift in Sources */ = {isa = PBXBuildFile; fileRef = A8F009F530047937002E9E68 /* InfoButton.swift */; };
		A8F37CE92FFDC77300361C06 /* CostTypeSwitch.swift in Sources */ = {isa = PBXBuildFile; fileRef = A8F37CE82FFDC76600361C06 /* CostTypeSwitch.swift */; };
		A8F37CEB2FFDCD1100361C06 /* DataTypeSwitch.swift in Sources */ = {isa = PBXBuildFile; fileRef = A8F37CEA2FFDCD0900361C06 /* DataTypeSwitch.swift */; };
/* End PBXBuildFile section */

/* Begin PBXContainerItemProxy section */
		A88A2BA52FE0C227003293EE /* PBXContainerItemProxy */ = {
			isa = PBXContainerItemProxy;
			containerPortal = A88A2B8D2FE0C225003293EE /* Project object */;
			proxyType = 1;
			remoteGlobalIDString = A88A2B942FE0C225003293EE;
			remoteInfo = Buttery_Internship;
		};
		A88A2BAF2FE0C227003293EE /* PBXContainerItemProxy */ = {
			isa = PBXContainerItemProxy;
			containerPortal = A88A2B8D2FE0C225003293EE /* Project object */;
			proxyType = 1;
			remoteGlobalIDString = A88A2B942FE0C225003293EE;
			remoteInfo = Buttery_Internship;
		};
/* End PBXContainerItemProxy section */

/* Begin PBXFileReference section */
		A82346A72FEC9FD500D64E5C /* AppData.swift */ = {isa = PBXFileReference; lastKnownFileType = sourcecode.swift; path = AppData.swift; sourceTree = "<group>"; };
		A85795CB2FFC7C04006B1DAE /* FilterState.swift */ = {isa = PBXFileReference; lastKnownFileType = sourcecode.swift; path = FilterState.swift; sourceTree = "<group>"; };
		A85E94B43005AE790035EF32 /* ViewTypeSwitch.swift */ = {isa = PBXFileReference; lastKnownFileType = sourcecode.swift; path = ViewTypeSwitch.swift; sourceTree = "<group>"; };
		A87FE97B300314C600C46C7F /* TitleAndButtonLayout.swift */ = {isa = PBXFileReference; lastKnownFileType = sourcecode.swift; path = TitleAndButtonLayout.swift; sourceTree = "<group>"; };
		A88A2B952FE0C225003293EE /* Buttery_Internship.app */ = {isa = PBXFileReference; explicitFileType = wrapper.application; includeInIndex = 0; path = Buttery_Internship.app; sourceTree = BUILT_PRODUCTS_DIR; };
		A88A2BA42FE0C227003293EE /* Buttery_InternshipTests.xctest */ = {isa = PBXFileReference; explicitFileType = wrapper.cfbundle; includeInIndex = 0; path = Buttery_InternshipTests.xctest; sourceTree = BUILT_PRODUCTS_DIR; };
		A88A2BAE2FE0C227003293EE /* Buttery_InternshipUITests.xctest */ = {isa = PBXFileReference; explicitFileType = wrapper.cfbundle; includeInIndex = 0; path = Buttery_InternshipUITests.xctest; sourceTree = BUILT_PRODUCTS_DIR; };
		A8AAEF2C2FF486C1003BBD38 /* FileProvider.swift */ = {isa = PBXFileReference; lastKnownFileType = sourcecode.swift; path = FileProvider.swift; sourceTree = "<group>"; };
		A8B96DE52FF9D7DC00CAEB50 /* SampleProviders.swift */ = {isa = PBXFileReference; lastKnownFileType = sourcecode.swift; path = SampleProviders.swift; sourceTree = "<group>"; };
		A8B96DE92FF9D8E500CAEB50 /* File.swift */ = {isa = PBXFileReference; lastKnownFileType = sourcecode.swift; path = File.swift; sourceTree = "<group>"; };
		A8B96DEB2FF9D93B00CAEB50 /* GenericSummary.swift */ = {isa = PBXFileReference; lastKnownFileType = sourcecode.swift; path = GenericSummary.swift; sourceTree = "<group>"; };
		A8B96DF02FF9DA6700CAEB50 /* GenericGraph.swift */ = {isa = PBXFileReference; lastKnownFileType = sourcecode.swift; path = GenericGraph.swift; sourceTree = "<group>"; };
		A8B96DF32FF9DAB300CAEB50 /* GenericDataTable.swift */ = {isa = PBXFileReference; lastKnownFileType = sourcecode.swift; path = GenericDataTable.swift; sourceTree = "<group>"; };
		A8E5C14B2FEC3882009AF2F4 /* AICostTimeUsageAnalysisDashboardApp.swift */ = {isa = PBXFileReference; lastKnownFileType = sourcecode.swift; path = AICostTimeUsageAnalysisDashboardApp.swift; sourceTree = "<group>"; };
		A8E5C14C2FEC3882009AF2F4 /* Assets.xcassets */ = {isa = PBXFileReference; lastKnownFileType = folder.assetcatalog; path = Assets.xcassets; sourceTree = "<group>"; };
		A8E5C14D2FEC3882009AF2F4 /* ContentView.swift */ = {isa = PBXFileReference; lastKnownFileType = sourcecode.swift; path = ContentView.swift; sourceTree = "<group>"; };
		A8E5C14E2FEC3882009AF2F4 /* CSVExport.swift */ = {isa = PBXFileReference; lastKnownFileType = sourcecode.swift; path = CSVExport.swift; sourceTree = "<group>"; };
		A8E5C14F2FEC3882009AF2F4 /* DateFilter.swift */ = {isa = PBXFileReference; lastKnownFileType = sourcecode.swift; path = DateFilter.swift; sourceTree = "<group>"; };
		A8E5C1502FEC3882009AF2F4 /* DrillDown.swift */ = {isa = PBXFileReference; lastKnownFileType = sourcecode.swift; path = DrillDown.swift; sourceTree = "<group>"; };
		A8E5C1512FEC3882009AF2F4 /* Error.swift */ = {isa = PBXFileReference; lastKnownFileType = sourcecode.swift; path = Error.swift; sourceTree = "<group>"; };
		A8E5C1522FEC3882009AF2F4 /* MultiSelectFilter.swift */ = {isa = PBXFileReference; lastKnownFileType = sourcecode.swift; path = MultiSelectFilter.swift; sourceTree = "<group>"; };
		A8E5C1532FEC3882009AF2F4 /* MakeGenericGraph.swift */ = {isa = PBXFileReference; lastKnownFileType = sourcecode.swift; path = MakeGenericGraph.swift; sourceTree = "<group>"; };
		A8E5C15D2FEC3882009AF2F4 /* FileLoader.swift */ = {isa = PBXFileReference; lastKnownFileType = sourcecode.swift; path = FileLoader.swift; sourceTree = "<group>"; };
		A8E5C15F2FEC3882009AF2F4 /* sample-data.json */ = {isa = PBXFileReference; lastKnownFileType = text.json; path = "sample-data.json"; sourceTree = "<group>"; };
		A8E5C1602FEC3882009AF2F4 /* View - Aggregation.swift */ = {isa = PBXFileReference; lastKnownFileType = sourcecode.swift; path = "View - Aggregation.swift"; sourceTree = "<group>"; };
		A8E5C1612FEC3882009AF2F4 /* View - DrillDown.swift */ = {isa = PBXFileReference; lastKnownFileType = sourcecode.swift; path = "View - DrillDown.swift"; sourceTree = "<group>"; };
		A8E5C1622FEC3882009AF2F4 /* View - WoW.swift */ = {isa = PBXFileReference; lastKnownFileType = sourcecode.swift; path = "View - WoW.swift"; sourceTree = "<group>"; };
		A8E5C1632FEC3882009AF2F4 /* View - Overview.swift */ = {isa = PBXFileReference; lastKnownFileType = sourcecode.swift; path = "View - Overview.swift"; sourceTree = "<group>"; };
		A8F009F530047937002E9E68 /* InfoButton.swift */ = {isa = PBXFileReference; lastKnownFileType = sourcecode.swift; path = InfoButton.swift; sourceTree = "<group>"; };
		A8F37CE82FFDC76600361C06 /* CostTypeSwitch.swift */ = {isa = PBXFileReference; lastKnownFileType = sourcecode.swift; path = CostTypeSwitch.swift; sourceTree = "<group>"; };
		A8F37CEA2FFDCD0900361C06 /* DataTypeSwitch.swift */ = {isa = PBXFileReference; lastKnownFileType = sourcecode.swift; path = DataTypeSwitch.swift; sourceTree = "<group>"; };
/* End PBXFileReference section */

/* Begin PBXFileSystemSynchronizedBuildFileExceptionSet section */
		A8B96DFD2FF9DC3500CAEB50 /* Exceptions for "Buttery_InternshipUITests" folder in "Buttery_InternshipTests" target */ = {
			isa = PBXFileSystemSynchronizedBuildFileExceptionSet;
			membershipExceptions = (
				UITests.swift,
			);
			target = A88A2BA32FE0C227003293EE /* Buttery_InternshipTests */;
		};
		A8B96DFE2FF9DC3500CAEB50 /* Exceptions for "Buttery_InternshipUITests" folder in "Buttery_InternshipUITests" target */ = {
			isa = PBXFileSystemSynchronizedBuildFileExceptionSet;
			membershipExceptions = (
				UITests.swift,
			);
			target = A88A2BAD2FE0C227003293EE /* Buttery_InternshipUITests */;
		};
/* End PBXFileSystemSynchronizedBuildFileExceptionSet section */

/* Begin PBXFileSystemSynchronizedRootGroup section */
		A88A2BA72FE0C227003293EE /* Buttery_InternshipTests */ = {
			isa = PBXFileSystemSynchronizedRootGroup;
			path = Buttery_InternshipTests;
			sourceTree = "<group>";
		};
		A88A2BB12FE0C227003293EE /* Buttery_InternshipUITests */ = {
			isa = PBXFileSystemSynchronizedRootGroup;
			exceptions = (
				A8B96DFD2FF9DC3500CAEB50 /* Exceptions for "Buttery_InternshipUITests" folder in "Buttery_InternshipTests" target */,
				A8B96DFE2FF9DC3500CAEB50 /* Exceptions for "Buttery_InternshipUITests" folder in "Buttery_InternshipUITests" target */,
			);
			path = Buttery_InternshipUITests;
			sourceTree = "<group>";
		};
/* End PBXFileSystemSynchronizedRootGroup section */

/* Begin PBXFrameworksBuildPhase section */
		A88A2B922FE0C225003293EE /* Frameworks */ = {
			isa = PBXFrameworksBuildPhase;
			buildActionMask = 2147483647;
			files = (
			);
			runOnlyForDeploymentPostprocessing = 0;
		};
		A88A2BA12FE0C227003293EE /* Frameworks */ = {
			isa = PBXFrameworksBuildPhase;
			buildActionMask = 2147483647;
			files = (
			);
			runOnlyForDeploymentPostprocessing = 0;
		};
		A88A2BAB2FE0C227003293EE /* Frameworks */ = {
			isa = PBXFrameworksBuildPhase;
			buildActionMask = 2147483647;
			files = (
			);
			runOnlyForDeploymentPostprocessing = 0;
		};
/* End PBXFrameworksBuildPhase section */

/* Begin PBXGroup section */
		A85E94B63005AE9A0035EF32 /* Filters */ = {
			isa = PBXGroup;
			children = (
				A8E5C14F2FEC3882009AF2F4 /* DateFilter.swift */,
				A8E5C1502FEC3882009AF2F4 /* DrillDown.swift */,
				A8E5C1522FEC3882009AF2F4 /* MultiSelectFilter.swift */,
			);
			path = Filters;
			sourceTree = "<group>";
		};
		A85E94B73005AEB50035EF32 /* Switches */ = {
			isa = PBXGroup;
			children = (
				A8F37CE82FFDC76600361C06 /* CostTypeSwitch.swift */,
				A8F37CEA2FFDCD0900361C06 /* DataTypeSwitch.swift */,
				A85E94B43005AE790035EF32 /* ViewTypeSwitch.swift */,
			);
			path = Switches;
			sourceTree = "<group>";
		};
		A85E94B83005AECE0035EF32 /* Other */ = {
			isa = PBXGroup;
			children = (
				A8E5C14E2FEC3882009AF2F4 /* CSVExport.swift */,
				A8F009F530047937002E9E68 /* InfoButton.swift */,
			);
			path = Other;
			sourceTree = "<group>";
		};
		A87FE97A300314B400C46C7F /* View parts */ = {
			isa = PBXGroup;
			children = (
				A8E5C1512FEC3882009AF2F4 /* Error.swift */,
				A87FE97B300314C600C46C7F /* TitleAndButtonLayout.swift */,
			);
			path = "View parts";
			sourceTree = "<group>";
		};
		A88A2B8C2FE0C225003293EE = {
			isa = PBXGroup;
			children = (
				A8E5C1642FEC3882009AF2F4 /* Buttery_Internship */,
				A88A2BA72FE0C227003293EE /* Buttery_InternshipTests */,
				A88A2BB12FE0C227003293EE /* Buttery_InternshipUITests */,
				A88A2B962FE0C225003293EE /* Products */,
			);
			sourceTree = "<group>";
		};
		A88A2B962FE0C225003293EE /* Products */ = {
			isa = PBXGroup;
			children = (
				A88A2B952FE0C225003293EE /* Buttery_Internship.app */,
				A88A2BA42FE0C227003293EE /* Buttery_InternshipTests.xctest */,
				A88A2BAE2FE0C227003293EE /* Buttery_InternshipUITests.xctest */,
			);
			name = Products;
			sourceTree = "<group>";
		};
		A8B96DDF2FF9D6E900CAEB50 /* Views */ = {
			isa = PBXGroup;
			children = (
				A8E5C1632FEC3882009AF2F4 /* View - Overview.swift */,
				A8E5C1602FEC3882009AF2F4 /* View - Aggregation.swift */,
				A8E5C1612FEC3882009AF2F4 /* View - DrillDown.swift */,
				A8E5C1622FEC3882009AF2F4 /* View - WoW.swift */,
				A87FE97A300314B400C46C7F /* View parts */,
				A8B96DE72FF9D82E00CAEB50 /* Components */,
			);
			path = Views;
			sourceTree = "<group>";
		};
		A8B96DE12FF9D74500CAEB50 /* App */ = {
			isa = PBXGroup;
			children = (
				A8E5C14B2FEC3882009AF2F4 /* AICostTimeUsageAnalysisDashboardApp.swift */,
				A8E5C14D2FEC3882009AF2F4 /* ContentView.swift */,
			);
			path = App;
			sourceTree = "<group>";
		};
		A8B96DE22FF9D76300CAEB50 /* Other (Unused) */ = {
			isa = PBXGroup;
			children = (
				A8E5C14C2FEC3882009AF2F4 /* Assets.xcassets */,
			);
			path = "Other (Unused)";
			sourceTree = "<group>";
		};
		A8B96DE32FF9D7B500CAEB50 /* Source Data */ = {
			isa = PBXGroup;
			children = (
				A8E5C15D2FEC3882009AF2F4 /* FileLoader.swift */,
				A8E5C15F2FEC3882009AF2F4 /* sample-data.json */,
				A8B96DE42FF9D7C600CAEB50 /* File Provider */,
				A8B96DE82FF9D8C600CAEB50 /* Source Models */,
			);
			path = "Source Data";
			sourceTree = "<group>";
		};
		A8B96DE42FF9D7C600CAEB50 /* File Provider */ = {
			isa = PBXGroup;
			children = (
				A8AAEF2C2FF486C1003BBD38 /* FileProvider.swift */,
				A8B96DE52FF9D7DC00CAEB50 /* SampleProviders.swift */,
			);
			path = "File Provider";
			sourceTree = "<group>";
		};
		A8B96DE72FF9D82E00CAEB50 /* Components */ = {
			isa = PBXGroup;
			children = (
				A8B96DEE2FF9DA2100CAEB50 /* Features */,
				A8B96DEF2FF9DA5000CAEB50 /* Graphs and DataTables */,
			);
			path = Components;
			sourceTree = "<group>";
		};
		A8B96DE82FF9D8C600CAEB50 /* Source Models */ = {
			isa = PBXGroup;
			children = (
				A8B96DE92FF9D8E500CAEB50 /* File.swift */,
				A8B96DEB2FF9D93B00CAEB50 /* GenericSummary.swift */,
			);
			path = "Source Models";
			sourceTree = "<group>";
		};
		A8B96DED2FF9D9E700CAEB50 /* Data Models */ = {
			isa = PBXGroup;
			children = (
				A82346A72FEC9FD500D64E5C /* AppData.swift */,
				A85795CB2FFC7C04006B1DAE /* FilterState.swift */,
			);
			path = "Data Models";
			sourceTree = "<group>";
		};
		A8B96DEE2FF9DA2100CAEB50 /* Features */ = {
			isa = PBXGroup;
			children = (
				A85E94B73005AEB50035EF32 /* Switches */,
				A85E94B63005AE9A0035EF32 /* Filters */,
				A85E94B83005AECE0035EF32 /* Other */,
			);
			path = Features;
			sourceTree = "<group>";
		};
		A8B96DEF2FF9DA5000CAEB50 /* Graphs and DataTables */ = {
			isa = PBXGroup;
			children = (
				A8B96DF02FF9DA6700CAEB50 /* GenericGraph.swift */,
				A8B96DF32FF9DAB300CAEB50 /* GenericDataTable.swift */,
			);
			path = "Graphs and DataTables";
			sourceTree = "<group>";
		};
		A8B96DF52FF9DB4E00CAEB50 /* Created Data */ = {
			isa = PBXGroup;
			children = (
				A8E5C1532FEC3882009AF2F4 /* MakeGenericGraph.swift */,
			);
			path = "Created Data";
			sourceTree = "<group>";
		};
		A8E5C1642FEC3882009AF2F4 /* Buttery_Internship */ = {
			isa = PBXGroup;
			children = (
				A8B96DE12FF9D74500CAEB50 /* App */,
				A8B96DF52FF9DB4E00CAEB50 /* Created Data */,
				A8B96DED2FF9D9E700CAEB50 /* Data Models */,
				A8B96DE32FF9D7B500CAEB50 /* Source Data */,
				A8B96DDF2FF9D6E900CAEB50 /* Views */,
				A8B96DE22FF9D76300CAEB50 /* Other (Unused) */,
			);
			path = Buttery_Internship;
			sourceTree = "<group>";
		};
/* End PBXGroup section */

/* Begin PBXNativeTarget section */
		A88A2B942FE0C225003293EE /* Buttery_Internship */ = {
			isa = PBXNativeTarget;
			buildConfigurationList = A88A2BB82FE0C227003293EE /* Build configuration list for PBXNativeTarget "Buttery_Internship" */;
			buildPhases = (
				A88A2B912FE0C225003293EE /* Sources */,
				A88A2B922FE0C225003293EE /* Frameworks */,
				A88A2B932FE0C225003293EE /* Resources */,
			);
			buildRules = (
			);
			dependencies = (
			);
			name = Buttery_Internship;
			packageProductDependencies = (
			);
			productName = Buttery_Internship;
			productReference = A88A2B952FE0C225003293EE /* Buttery_Internship.app */;
			productType = "com.apple.product-type.application";
		};
		A88A2BA32FE0C227003293EE /* Buttery_InternshipTests */ = {
			isa = PBXNativeTarget;
			buildConfigurationList = A88A2BBB2FE0C227003293EE /* Build configuration list for PBXNativeTarget "Buttery_InternshipTests" */;
			buildPhases = (
				A88A2BA02FE0C227003293EE /* Sources */,
				A88A2BA12FE0C227003293EE /* Frameworks */,
				A88A2BA22FE0C227003293EE /* Resources */,
			);
			buildRules = (
			);
			dependencies = (
				A88A2BA62FE0C227003293EE /* PBXTargetDependency */,
			);
			fileSystemSynchronizedGroups = (
				A88A2BA72FE0C227003293EE /* Buttery_InternshipTests */,
			);
			name = Buttery_InternshipTests;
			packageProductDependencies = (
			);
			productName = Buttery_InternshipTests;
			productReference = A88A2BA42FE0C227003293EE /* Buttery_InternshipTests.xctest */;
			productType = "com.apple.product-type.bundle.unit-test";
		};
		A88A2BAD2FE0C227003293EE /* Buttery_InternshipUITests */ = {
			isa = PBXNativeTarget;
			buildConfigurationList = A88A2BBE2FE0C227003293EE /* Build configuration list for PBXNativeTarget "Buttery_InternshipUITests" */;
			buildPhases = (
				A88A2BAA2FE0C227003293EE /* Sources */,
				A88A2BAB2FE0C227003293EE /* Frameworks */,
				A88A2BAC2FE0C227003293EE /* Resources */,
			);
			buildRules = (
			);
			dependencies = (
				A88A2BB02FE0C227003293EE /* PBXTargetDependency */,
			);
			fileSystemSynchronizedGroups = (
				A88A2BB12FE0C227003293EE /* Buttery_InternshipUITests */,
			);
			name = Buttery_InternshipUITests;
			packageProductDependencies = (
			);
			productName = Buttery_InternshipUITests;
			productReference = A88A2BAE2FE0C227003293EE /* Buttery_InternshipUITests.xctest */;
			productType = "com.apple.product-type.bundle.ui-testing";
		};
/* End PBXNativeTarget section */

/* Begin PBXProject section */
		A88A2B8D2FE0C225003293EE /* Project object */ = {
			isa = PBXProject;
			attributes = {
				BuildIndependentTargetsInParallel = 1;
				LastSwiftUpdateCheck = 2650;
				LastUpgradeCheck = 2660;
				TargetAttributes = {
					A88A2B942FE0C225003293EE = {
						CreatedOnToolsVersion = 26.5;
					};
					A88A2BA32FE0C227003293EE = {
						CreatedOnToolsVersion = 26.5;
						TestTargetID = A88A2B942FE0C225003293EE;
					};
					A88A2BAD2FE0C227003293EE = {
						CreatedOnToolsVersion = 26.5;
						TestTargetID = A88A2B942FE0C225003293EE;
					};
				};
			};
			buildConfigurationList = A88A2B902FE0C225003293EE /* Build configuration list for PBXProject "Buttery_Internship" */;
			developmentRegion = en;
			hasScannedForEncodings = 0;
			knownRegions = (
				en,
				Base,
			);
			mainGroup = A88A2B8C2FE0C225003293EE;
			minimizedProjectReferenceProxies = 1;
			preferredProjectObjectVersion = 77;
			productRefGroup = A88A2B962FE0C225003293EE /* Products */;
			projectDirPath = "";
			projectRoot = "";
			targets = (
				A88A2B942FE0C225003293EE /* Buttery_Internship */,
				A88A2BA32FE0C227003293EE /* Buttery_InternshipTests */,
				A88A2BAD2FE0C227003293EE /* Buttery_InternshipUITests */,
			);
		};
/* End PBXProject section */

/* Begin PBXResourcesBuildPhase section */
		A88A2B932FE0C225003293EE /* Resources */ = {
			isa = PBXResourcesBuildPhase;
			buildActionMask = 2147483647;
			files = (
				A8E5C17C2FEC3882009AF2F4 /* Assets.xcassets in Resources */,
				A8E5C17D2FEC3882009AF2F4 /* sample-data.json in Resources */,
			);
			runOnlyForDeploymentPostprocessing = 0;
		};
		A88A2BA22FE0C227003293EE /* Resources */ = {
			isa = PBXResourcesBuildPhase;
			buildActionMask = 2147483647;
			files = (
			);
			runOnlyForDeploymentPostprocessing = 0;
		};
		A88A2BAC2FE0C227003293EE /* Resources */ = {
			isa = PBXResourcesBuildPhase;
			buildActionMask = 2147483647;
			files = (
			);
			runOnlyForDeploymentPostprocessing = 0;
		};
/* End PBXResourcesBuildPhase section */

/* Begin PBXSourcesBuildPhase section */
		A88A2B912FE0C225003293EE /* Sources */ = {
			isa = PBXSourcesBuildPhase;
			buildActionMask = 2147483647;
			files = (
				A8E5C1662FEC3882009AF2F4 /* Error.swift in Sources */,
				A8F37CE92FFDC77300361C06 /* CostTypeSwitch.swift in Sources */,
				A8B96DF12FF9DA6F00CAEB50 /* GenericGraph.swift in Sources */,
				A8E5C1672FEC3882009AF2F4 /* FileLoader.swift in Sources */,
				A87FE97C300314D700C46C7F /* TitleAndButtonLayout.swift in Sources */,
				A8E5C1682FEC3882009AF2F4 /* DateFilter.swift in Sources */,
				A8E5C16B2FEC3882009AF2F4 /* MakeGenericGraph.swift in Sources */,
				A8AAEF2D2FF486C9003BBD38 /* FileProvider.swift in Sources */,
				A8E5C16C2FEC3882009AF2F4 /* View - WoW.swift in Sources */,
				A8B96DEC2FF9D94600CAEB50 /* GenericSummary.swift in Sources */,
				A8E5C16D2FEC3882009AF2F4 /* AICostTimeUsageAnalysisDashboardApp.swift in Sources */,
				A85795CC2FFC7C09006B1DAE /* FilterState.swift in Sources */,
				A8B96DEA2FF9D8EA00CAEB50 /* File.swift in Sources */,
				A8E5C16E2FEC3882009AF2F4 /* MultiSelectFilter.swift in Sources */,
				A8F37CEB2FFDCD1100361C06 /* DataTypeSwitch.swift in Sources */,
				A8F009F63004793B002E9E68 /* InfoButton.swift in Sources */,
				A8E5C16F2FEC3882009AF2F4 /* ContentView.swift in Sources */,
				A8B96DF42FF9DABC00CAEB50 /* GenericDataTable.swift in Sources */,
				A82346A82FEC9FD800D64E5C /* AppData.swift in Sources */,
				A85E94B53005AE830035EF32 /* ViewTypeSwitch.swift in Sources */,
				A8E5C1722FEC3882009AF2F4 /* View - Aggregation.swift in Sources */,
				A8E5C1752FEC3882009AF2F4 /* CSVExport.swift in Sources */,
				A8B96DE62FF9D7DE00CAEB50 /* SampleProviders.swift in Sources */,
				A8E5C1782FEC3882009AF2F4 /* View - Overview.swift in Sources */,
				A8E5C17A2FEC3882009AF2F4 /* View - DrillDown.swift in Sources */,
				A8E5C17B2FEC3882009AF2F4 /* DrillDown.swift in Sources */,
			);
			runOnlyForDeploymentPostprocessing = 0;
		};
		A88A2BA02FE0C227003293EE /* Sources */ = {
			isa = PBXSourcesBuildPhase;
			buildActionMask = 2147483647;
			files = (
			);
			runOnlyForDeploymentPostprocessing = 0;
		};
		A88A2BAA2FE0C227003293EE /* Sources */ = {
			isa = PBXSourcesBuildPhase;
			buildActionMask = 2147483647;
			files = (
			);
			runOnlyForDeploymentPostprocessing = 0;
		};
/* End PBXSourcesBuildPhase section */

/* Begin PBXTargetDependency section */
		A88A2BA62FE0C227003293EE /* PBXTargetDependency */ = {
			isa = PBXTargetDependency;
			target = A88A2B942FE0C225003293EE /* Buttery_Internship */;
			targetProxy = A88A2BA52FE0C227003293EE /* PBXContainerItemProxy */;
		};
		A88A2BB02FE0C227003293EE /* PBXTargetDependency */ = {
			isa = PBXTargetDependency;
			target = A88A2B942FE0C225003293EE /* Buttery_Internship */;
			targetProxy = A88A2BAF2FE0C227003293EE /* PBXContainerItemProxy */;
		};
/* End PBXTargetDependency section */

/* Begin XCBuildConfiguration section */
		A88A2BB62FE0C227003293EE /* Debug */ = {
			isa = XCBuildConfiguration;
			buildSettings = {
				ALWAYS_SEARCH_USER_PATHS = NO;
				ASSETCATALOG_COMPILER_GENERATE_SWIFT_ASSET_SYMBOL_EXTENSIONS = YES;
				CLANG_ANALYZER_NONNULL = YES;
				CLANG_ANALYZER_NUMBER_OBJECT_CONVERSION = YES_AGGRESSIVE;
				CLANG_CXX_LANGUAGE_STANDARD = "gnu++20";
				CLANG_ENABLE_MODULES = YES;
				CLANG_ENABLE_OBJC_ARC = YES;
				CLANG_ENABLE_OBJC_WEAK = YES;
				CLANG_WARN_BLOCK_CAPTURE_AUTORELEASING = YES;
				CLANG_WARN_BOOL_CONVERSION = YES;
				CLANG_WARN_COMMA = YES;
				CLANG_WARN_CONSTANT_CONVERSION = YES;
				CLANG_WARN_DEPRECATED_OBJC_IMPLEMENTATIONS = YES;
				CLANG_WARN_DIRECT_OBJC_ISA_USAGE = YES_ERROR;
				CLANG_WARN_DOCUMENTATION_COMMENTS = YES;
				CLANG_WARN_EMPTY_BODY = YES;
				CLANG_WARN_ENUM_CONVERSION = YES;
				CLANG_WARN_INFINITE_RECURSION = YES;
				CLANG_WARN_INT_CONVERSION = YES;
				CLANG_WARN_NON_LITERAL_NULL_CONVERSION = YES;
				CLANG_WARN_OBJC_IMPLICIT_RETAIN_SELF = YES;
				CLANG_WARN_OBJC_LITERAL_CONVERSION = YES;
				CLANG_WARN_OBJC_ROOT_CLASS = YES_ERROR;
				CLANG_WARN_QUOTED_INCLUDE_IN_FRAMEWORK_HEADER = YES;
				CLANG_WARN_RANGE_LOOP_ANALYSIS = YES;
				CLANG_WARN_STRICT_PROTOTYPES = YES;
				CLANG_WARN_SUSPICIOUS_MOVE = YES;
				CLANG_WARN_UNGUARDED_AVAILABILITY = YES_AGGRESSIVE;
				CLANG_WARN_UNREACHABLE_CODE = YES;
				CLANG_WARN__DUPLICATE_METHOD_MATCH = YES;
				COPY_PHASE_STRIP = NO;
				DEAD_CODE_STRIPPING = YES;
				DEBUG_INFORMATION_FORMAT = dwarf;
				ENABLE_STRICT_OBJC_MSGSEND = YES;
				ENABLE_TESTABILITY = YES;
				ENABLE_USER_SCRIPT_SANDBOXING = YES;
				GCC_C_LANGUAGE_STANDARD = gnu17;
				GCC_DYNAMIC_NO_PIC = NO;
				GCC_NO_COMMON_BLOCKS = YES;
				GCC_OPTIMIZATION_LEVEL = 0;
				GCC_PREPROCESSOR_DEFINITIONS = (
					"DEBUG=1",
					"$(inherited)",
				);
				GCC_WARN_64_TO_32_BIT_CONVERSION = YES;
				GCC_WARN_ABOUT_RETURN_TYPE = YES_ERROR;
				GCC_WARN_UNDECLARED_SELECTOR = YES;
				GCC_WARN_UNINITIALIZED_AUTOS = YES_AGGRESSIVE;
				GCC_WARN_UNUSED_FUNCTION = YES;
				GCC_WARN_UNUSED_VARIABLE = YES;
				LOCALIZATION_PREFERS_STRING_CATALOGS = YES;
				MACOSX_DEPLOYMENT_TARGET = 26.5;
				MTL_ENABLE_DEBUG_INFO = INCLUDE_SOURCE;
				MTL_FAST_MATH = YES;
				ONLY_ACTIVE_ARCH = YES;
				SDKROOT = macosx;
				STRING_CATALOG_GENERATE_SYMBOLS = YES;
				SWIFT_ACTIVE_COMPILATION_CONDITIONS = "DEBUG $(inherited)";
				SWIFT_OPTIMIZATION_LEVEL = "-Onone";
			};
			name = Debug;
		};
		A88A2BB72FE0C227003293EE /* Release */ = {
			isa = XCBuildConfiguration;
			buildSettings = {
				ALWAYS_SEARCH_USER_PATHS = NO;
				ASSETCATALOG_COMPILER_GENERATE_SWIFT_ASSET_SYMBOL_EXTENSIONS = YES;
				CLANG_ANALYZER_NONNULL = YES;
				CLANG_ANALYZER_NUMBER_OBJECT_CONVERSION = YES_AGGRESSIVE;
				CLANG_CXX_LANGUAGE_STANDARD = "gnu++20";
				CLANG_ENABLE_MODULES = YES;
				CLANG_ENABLE_OBJC_ARC = YES;
				CLANG_ENABLE_OBJC_WEAK = YES;
				CLANG_WARN_BLOCK_CAPTURE_AUTORELEASING = YES;
				CLANG_WARN_BOOL_CONVERSION = YES;
				CLANG_WARN_COMMA = YES;
				CLANG_WARN_CONSTANT_CONVERSION = YES;
				CLANG_WARN_DEPRECATED_OBJC_IMPLEMENTATIONS = YES;
				CLANG_WARN_DIRECT_OBJC_ISA_USAGE = YES_ERROR;
				CLANG_WARN_DOCUMENTATION_COMMENTS = YES;
				CLANG_WARN_EMPTY_BODY = YES;
				CLANG_WARN_ENUM_CONVERSION = YES;
				CLANG_WARN_INFINITE_RECURSION = YES;
				CLANG_WARN_INT_CONVERSION = YES;
				CLANG_WARN_NON_LITERAL_NULL_CONVERSION = YES;
				CLANG_WARN_OBJC_IMPLICIT_RETAIN_SELF = YES;
				CLANG_WARN_OBJC_LITERAL_CONVERSION = YES;
				CLANG_WARN_OBJC_ROOT_CLASS = YES_ERROR;
				CLANG_WARN_QUOTED_INCLUDE_IN_FRAMEWORK_HEADER = YES;
				CLANG_WARN_RANGE_LOOP_ANALYSIS = YES;
				CLANG_WARN_STRICT_PROTOTYPES = YES;
				CLANG_WARN_SUSPICIOUS_MOVE = YES;
				CLANG_WARN_UNGUARDED_AVAILABILITY = YES_AGGRESSIVE;
				CLANG_WARN_UNREACHABLE_CODE = YES;
				CLANG_WARN__DUPLICATE_METHOD_MATCH = YES;
				COPY_PHASE_STRIP = NO;
				DEAD_CODE_STRIPPING = YES;
				DEBUG_INFORMATION_FORMAT = "dwarf-with-dsym";
				ENABLE_NS_ASSERTIONS = NO;
				ENABLE_STRICT_OBJC_MSGSEND = YES;
				ENABLE_USER_SCRIPT_SANDBOXING = YES;
				GCC_C_LANGUAGE_STANDARD = gnu17;
				GCC_NO_COMMON_BLOCKS = YES;
				GCC_WARN_64_TO_32_BIT_CONVERSION = YES;
				GCC_WARN_ABOUT_RETURN_TYPE = YES_ERROR;
				GCC_WARN_UNDECLARED_SELECTOR = YES;
				GCC_WARN_UNINITIALIZED_AUTOS = YES_AGGRESSIVE;
				GCC_WARN_UNUSED_FUNCTION = YES;
				GCC_WARN_UNUSED_VARIABLE = YES;
				LOCALIZATION_PREFERS_STRING_CATALOGS = YES;
				MACOSX_DEPLOYMENT_TARGET = 26.5;
				MTL_ENABLE_DEBUG_INFO = NO;
				MTL_FAST_MATH = YES;
				SDKROOT = macosx;
				STRING_CATALOG_GENERATE_SYMBOLS = YES;
				SWIFT_COMPILATION_MODE = wholemodule;
			};
			name = Release;
		};
		A88A2BB92FE0C227003293EE /* Debug */ = {
			isa = XCBuildConfiguration;
			buildSettings = {
				ASSETCATALOG_COMPILER_APPICON_NAME = AppIcon;
				ASSETCATALOG_COMPILER_GLOBAL_ACCENT_COLOR_NAME = AccentColor;
				CODE_SIGN_STYLE = Automatic;
				COMBINE_HIDPI_IMAGES = YES;
				CURRENT_PROJECT_VERSION = 1;
				DEAD_CODE_STRIPPING = YES;
				ENABLE_APP_SANDBOX = YES;
				ENABLE_INCOMING_NETWORK_CONNECTIONS = NO;
				ENABLE_OUTGOING_NETWORK_CONNECTIONS = NO;
				ENABLE_PREVIEWS = YES;
				ENABLE_RESOURCE_ACCESS_AUDIO_INPUT = NO;
				ENABLE_RESOURCE_ACCESS_BLUETOOTH = NO;
				ENABLE_RESOURCE_ACCESS_CALENDARS = NO;
				ENABLE_RESOURCE_ACCESS_CAMERA = NO;
				ENABLE_RESOURCE_ACCESS_CONTACTS = NO;
				ENABLE_RESOURCE_ACCESS_LOCATION = NO;
				ENABLE_RESOURCE_ACCESS_PRINTING = NO;
				ENABLE_RESOURCE_ACCESS_USB = NO;
				ENABLE_USER_SELECTED_FILES = readwrite;
				GENERATE_INFOPLIST_FILE = YES;
				INFOPLIST_KEY_NSHumanReadableCopyright = "";
				LD_RUNPATH_SEARCH_PATHS = (
					"$(inherited)",
					"@executable_path/../Frameworks",
				);
				MARKETING_VERSION = 1.0;
				PRODUCT_BUNDLE_IDENTIFIER = "JasonZhang.Buttery-Internship";
				PRODUCT_NAME = "$(TARGET_NAME)";
				REGISTER_APP_GROUPS = YES;
				STRING_CATALOG_GENERATE_SYMBOLS = YES;
				SWIFT_APPROACHABLE_CONCURRENCY = YES;
				SWIFT_DEFAULT_ACTOR_ISOLATION = MainActor;
				SWIFT_EMIT_LOC_STRINGS = YES;
				SWIFT_UPCOMING_FEATURE_MEMBER_IMPORT_VISIBILITY = YES;
				SWIFT_VERSION = 5.0;
			};
			name = Debug;
		};
		A88A2BBA2FE0C227003293EE /* Release */ = {
			isa = XCBuildConfiguration;
			buildSettings = {
				ASSETCATALOG_COMPILER_APPICON_NAME = AppIcon;
				ASSETCATALOG_COMPILER_GLOBAL_ACCENT_COLOR_NAME = AccentColor;
				CODE_SIGN_STYLE = Automatic;
				COMBINE_HIDPI_IMAGES = YES;
				CURRENT_PROJECT_VERSION = 1;
				DEAD_CODE_STRIPPING = YES;
				ENABLE_APP_SANDBOX = YES;
				ENABLE_INCOMING_NETWORK_CONNECTIONS = NO;
				ENABLE_OUTGOING_NETWORK_CONNECTIONS = NO;
				ENABLE_PREVIEWS = YES;
				ENABLE_RESOURCE_ACCESS_AUDIO_INPUT = NO;
				ENABLE_RESOURCE_ACCESS_BLUETOOTH = NO;
				ENABLE_RESOURCE_ACCESS_CALENDARS = NO;
				ENABLE_RESOURCE_ACCESS_CAMERA = NO;
				ENABLE_RESOURCE_ACCESS_CONTACTS = NO;
				ENABLE_RESOURCE_ACCESS_LOCATION = NO;
				ENABLE_RESOURCE_ACCESS_PRINTING = NO;
				ENABLE_RESOURCE_ACCESS_USB = NO;
				ENABLE_USER_SELECTED_FILES = readwrite;
				GENERATE_INFOPLIST_FILE = YES;
				INFOPLIST_KEY_NSHumanReadableCopyright = "";
				LD_RUNPATH_SEARCH_PATHS = (
					"$(inherited)",
					"@executable_path/../Frameworks",
				);
				MARKETING_VERSION = 1.0;
				PRODUCT_BUNDLE_IDENTIFIER = "JasonZhang.Buttery-Internship";
				PRODUCT_NAME = "$(TARGET_NAME)";
				REGISTER_APP_GROUPS = YES;
				STRING_CATALOG_GENERATE_SYMBOLS = YES;
				SWIFT_APPROACHABLE_CONCURRENCY = YES;
				SWIFT_DEFAULT_ACTOR_ISOLATION = MainActor;
				SWIFT_EMIT_LOC_STRINGS = YES;
				SWIFT_UPCOMING_FEATURE_MEMBER_IMPORT_VISIBILITY = YES;
				SWIFT_VERSION = 5.0;
			};
			name = Release;
		};
		A88A2BBC2FE0C227003293EE /* Debug */ = {
			isa = XCBuildConfiguration;
			buildSettings = {
				BUNDLE_LOADER = "$(TEST_HOST)";
				CODE_SIGN_STYLE = Automatic;
				CURRENT_PROJECT_VERSION = 1;
				DEAD_CODE_STRIPPING = YES;
				GENERATE_INFOPLIST_FILE = YES;
				MACOSX_DEPLOYMENT_TARGET = 26.5;
				MARKETING_VERSION = 1.0;
				PRODUCT_BUNDLE_IDENTIFIER = "JasonZhang.Buttery-InternshipTests";
				PRODUCT_NAME = "$(TARGET_NAME)";
				STRING_CATALOG_GENERATE_SYMBOLS = NO;
				SWIFT_APPROACHABLE_CONCURRENCY = YES;
				SWIFT_EMIT_LOC_STRINGS = NO;
				SWIFT_UPCOMING_FEATURE_MEMBER_IMPORT_VISIBILITY = YES;
				SWIFT_VERSION = 5.0;
				TEST_HOST = "$(BUILT_PRODUCTS_DIR)/Buttery_Internship.app/$(BUNDLE_EXECUTABLE_FOLDER_PATH)/Buttery_Internship";
			};
			name = Debug;
		};
		A88A2BBD2FE0C227003293EE /* Release */ = {
			isa = XCBuildConfiguration;
			buildSettings = {
				BUNDLE_LOADER = "$(TEST_HOST)";
				CODE_SIGN_STYLE = Automatic;
				CURRENT_PROJECT_VERSION = 1;
				DEAD_CODE_STRIPPING = YES;
				GENERATE_INFOPLIST_FILE = YES;
				MACOSX_DEPLOYMENT_TARGET = 26.5;
				MARKETING_VERSION = 1.0;
				PRODUCT_BUNDLE_IDENTIFIER = "JasonZhang.Buttery-InternshipTests";
				PRODUCT_NAME = "$(TARGET_NAME)";
				STRING_CATALOG_GENERATE_SYMBOLS = NO;
				SWIFT_APPROACHABLE_CONCURRENCY = YES;
				SWIFT_EMIT_LOC_STRINGS = NO;
				SWIFT_UPCOMING_FEATURE_MEMBER_IMPORT_VISIBILITY = YES;
				SWIFT_VERSION = 5.0;
				TEST_HOST = "$(BUILT_PRODUCTS_DIR)/Buttery_Internship.app/$(BUNDLE_EXECUTABLE_FOLDER_PATH)/Buttery_Internship";
			};
			name = Release;
		};
		A88A2BBF2FE0C227003293EE /* Debug */ = {
			isa = XCBuildConfiguration;
			buildSettings = {
				CODE_SIGN_STYLE = Automatic;
				CURRENT_PROJECT_VERSION = 1;
				DEAD_CODE_STRIPPING = YES;
				GENERATE_INFOPLIST_FILE = YES;
				MARKETING_VERSION = 1.0;
				PRODUCT_BUNDLE_IDENTIFIER = "JasonZhang.Buttery-InternshipUITests";
				PRODUCT_NAME = "$(TARGET_NAME)";
				STRING_CATALOG_GENERATE_SYMBOLS = NO;
				SWIFT_APPROACHABLE_CONCURRENCY = YES;
				SWIFT_EMIT_LOC_STRINGS = NO;
				SWIFT_UPCOMING_FEATURE_MEMBER_IMPORT_VISIBILITY = YES;
				SWIFT_VERSION = 5.0;
				TEST_TARGET_NAME = Buttery_Internship;
			};
			name = Debug;
		};
		A88A2BC02FE0C227003293EE /* Release */ = {
			isa = XCBuildConfiguration;
			buildSettings = {
				CODE_SIGN_STYLE = Automatic;
				CURRENT_PROJECT_VERSION = 1;
				DEAD_CODE_STRIPPING = YES;
				GENERATE_INFOPLIST_FILE = YES;
				MARKETING_VERSION = 1.0;
				PRODUCT_BUNDLE_IDENTIFIER = "JasonZhang.Buttery-InternshipUITests";
				PRODUCT_NAME = "$(TARGET_NAME)";
				STRING_CATALOG_GENERATE_SYMBOLS = NO;
				SWIFT_APPROACHABLE_CONCURRENCY = YES;
				SWIFT_EMIT_LOC_STRINGS = NO;
				SWIFT_UPCOMING_FEATURE_MEMBER_IMPORT_VISIBILITY = YES;
				SWIFT_VERSION = 5.0;
				TEST_TARGET_NAME = Buttery_Internship;
			};
			name = Release;
		};
/* End XCBuildConfiguration section */

/* Begin XCConfigurationList section */
		A88A2B902FE0C225003293EE /* Build configuration list for PBXProject "Buttery_Internship" */ = {
			isa = XCConfigurationList;
			buildConfigurations = (
				A88A2BB62FE0C227003293EE /* Debug */,
				A88A2BB72FE0C227003293EE /* Release */,
			);
			defaultConfigurationIsVisible = 0;
			defaultConfigurationName = Release;
		};
		A88A2BB82FE0C227003293EE /* Build configuration list for PBXNativeTarget "Buttery_Internship" */ = {
			isa = XCConfigurationList;
			buildConfigurations = (
				A88A2BB92FE0C227003293EE /* Debug */,
				A88A2BBA2FE0C227003293EE /* Release */,
			);
			defaultConfigurationIsVisible = 0;
			defaultConfigurationName = Release;
		};
		A88A2BBB2FE0C227003293EE /* Build configuration list for PBXNativeTarget "Buttery_InternshipTests" */ = {
			isa = XCConfigurationList;
			buildConfigurations = (
				A88A2BBC2FE0C227003293EE /* Debug */,
				A88A2BBD2FE0C227003293EE /* Release */,
			);
			defaultConfigurationIsVisible = 0;
			defaultConfigurationName = Release;
		};
		A88A2BBE2FE0C227003293EE /* Build configuration list for PBXNativeTarget "Buttery_InternshipUITests" */ = {
			isa = XCConfigurationList;
			buildConfigurations = (
				A88A2BBF2FE0C227003293EE /* Debug */,
				A88A2BC02FE0C227003293EE /* Release */,
			);
			defaultConfigurationIsVisible = 0;
			defaultConfigurationName = Release;
		};
/* End XCConfigurationList section */
	};
	rootObject = A88A2B8D2FE0C225003293EE /* Project object */;
}
