// !$*UTF8*$!
{
	archiveVersion = 1;
	classes = {
	};
	objectVersion = 77;
	objects = {

/* Begin PBXContainerItemProxy section */
		A88A2BA52FE0C227003293EE /* PBXContainerItemProxy */ = {
			isa = PBXContainerItemProxy;
			containerPortal = A88A2B8D2FE0C225003293EE /* Project object */;
			proxyType = 1;
			remoteGlobalIDString = A88A2B942FE0C225003293EE;
			remoteInfo = Buttery_Internship;
		};
		A88A2BAF2FE0C227003293EE /* PBXContainerItemProxy */ = {
			isa = PBXContainerItemProxy;
			containerPortal = A88A2B8D2FE0C225003293EE /* Project object */;
			proxyType = 1;
			remoteGlobalIDString = A88A2B942FE0C225003293EE;
			remoteInfo = Buttery_Internship;
		};
/* End PBXContainerItemProxy section */

/* Begin PBXFileReference section */
		A81274A32FE3A08600360FC4 /* Overview.playground */ = {isa = PBXFileReference; lastKnownFileType = file.playground; path = Overview.playground; sourceTree = "<group>"; xcLanguageSpecificationIdentifier = xcode.lang.swift; };
		A88A2B952FE0C225003293EE /* Buttery_Internship.app */ = {isa = PBXFileReference; explicitFileType = wrapper.application; includeInIndex = 0; path = Buttery_Internship.app; sourceTree = BUILT_PRODUCTS_DIR; };
		A88A2BA42FE0C227003293EE /* Buttery_InternshipTests.xctest */ = {isa = PBXFileReference; explicitFileType = wrapper.cfbundle; includeInIndex = 0; path = Buttery_InternshipTests.xctest; sourceTree = BUILT_PRODUCTS_DIR; };
		A88A2BAE2FE0C227003293EE /* Buttery_InternshipUITests.xctest */ = {isa = PBXFileReference; explicitFileType = wrapper.cfbundle; includeInIndex = 0; path = Buttery_InternshipUITests.xctest; sourceTree = BUILT_PRODUCTS_DIR; };
/* End PBXFileReference section */

/* Begin PBXFileSystemSynchronizedRootGroup section */
		A88A2B972FE0C225003293EE /* Buttery_Internship */ = {
			isa = PBXFileSystemSynchronizedRootGroup;
			path = Buttery_Internship;
			sourceTree = "<group>";
		};
		A88A2BA72FE0C227003293EE /* Buttery_InternshipTests */ = {
			isa = PBXFileSystemSynchronizedRootGroup;
			path = Buttery_InternshipTests;
			sourceTree = "<group>";
		};
		A88A2BB12FE0C227003293EE /* Buttery_InternshipUITests */ = {
			isa = PBXFileSystemSynchronizedRootGroup;
			path = Buttery_InternshipUITests;
			sourceTree = "<group>";
		};
/* End PBXFileSystemSynchronizedRootGroup section */

/* Begin PBXFrameworksBuildPhase section */
		A88A2B922FE0C225003293EE /* Frameworks */ = {
			isa = PBXFrameworksBuildPhase;
			buildActionMask = 2147483647;
			files = (
			);
			runOnlyForDeploymentPostprocessing = 0;
		};
		A88A2BA12FE0C227003293EE /* Frameworks */ = {
			isa = PBXFrameworksBuildPhase;
			buildActionMask = 2147483647;
			files = (
			);
			runOnlyForDeploymentPostprocessing = 0;
		};
		A88A2BAB2FE0C227003293EE /* Frameworks */ = {
			isa = PBXFrameworksBuildPhase;
			buildActionMask = 2147483647;
			files = (
			);
			runOnlyForDeploymentPostprocessing = 0;
		};
/* End PBXFrameworksBuildPhase section */

/* Begin PBXGroup section */
		A88A2B8C2FE0C225003293EE = {
			isa = PBXGroup;
			children = (
				A81274A32FE3A08600360FC4 /* Overview.playground */,
				A88A2B972FE0C225003293EE /* Buttery_Internship */,
				A88A2BA72FE0C227003293EE /* Buttery_InternshipTests */,
				A88A2BB12FE0C227003293EE /* Buttery_InternshipUITests */,
				A88A2B962FE0C225003293EE /* Products */,
			);
			sourceTree = "<group>";
		};
		A88A2B962FE0C225003293EE /* Products */ = {
			isa = PBXGroup;
			children = (
				A88A2B952FE0C225003293EE /* Buttery_Internship.app */,
				A88A2BA42FE0C227003293EE /* Buttery_InternshipTests.xctest */,
				A88A2BAE2FE0C227003293EE /* Buttery_InternshipUITests.xctest */,
			);
			name = Products;
			sourceTree = "<group>";
		};
/* End PBXGroup section */

/* Begin PBXNativeTarget section */
		A88A2B942FE0C225003293EE /* Buttery_Internship */ = {
			isa = PBXNativeTarget;
			buildConfigurationList = A88A2BB82FE0C227003293EE /* Build configuration list for PBXNativeTarget "Buttery_Internship" */;
			buildPhases = (
				A88A2B912FE0C225003293EE /* Sources */,
				A88A2B922FE0C225003293EE /* Frameworks */,
				A88A2B932FE0C225003293EE /* Resources */,
			);
			buildRules = (
			);
			dependencies = (
			);
			fileSystemSynchronizedGroups = (
				A88A2B972FE0C225003293EE /* Buttery_Internship */,
			);
			name = Buttery_Internship;
			packageProductDependencies = (
			);
			productName = Buttery_Internship;
			productReference = A88A2B952FE0C225003293EE /* Buttery_Internship.app */;
			productType = "com.apple.product-type.application";
		};
		A88A2BA32FE0C227003293EE /* Buttery_InternshipTests */ = {
			isa = PBXNativeTarget;
			buildConfigurationList = A88A2BBB2FE0C227003293EE /* Build configuration list for PBXNativeTarget "Buttery_InternshipTests" */;
			buildPhases = (
				A88A2BA02FE0C227003293EE /* Sources */,
				A88A2BA12FE0C227003293EE /* Frameworks */,
				A88A2BA22FE0C227003293EE /* Resources */,
			);
			buildRules = (
			);
			dependencies = (
				A88A2BA62FE0C227003293EE /* PBXTargetDependency */,
			);
			fileSystemSynchronizedGroups = (
				A88A2BA72FE0C227003293EE /* Buttery_InternshipTests */,
			);
			name = Buttery_InternshipTests;
			packageProductDependencies = (
			);
			productName = Buttery_InternshipTests;
			productReference = A88A2BA42FE0C227003293EE /* Buttery_InternshipTests.xctest */;
			productType = "com.apple.product-type.bundle.unit-test";
		};
		A88A2BAD2FE0C227003293EE /* Buttery_InternshipUITests */ = {
			isa = PBXNativeTarget;
			buildConfigurationList = A88A2BBE2FE0C227003293EE /* Build configuration list for PBXNativeTarget "Buttery_InternshipUITests" */;
			buildPhases = (
				A88A2BAA2FE0C227003293EE /* Sources */,
				A88A2BAB2FE0C227003293EE /* Frameworks */,
				A88A2BAC2FE0C227003293EE /* Resources */,
			);
			buildRules = (
			);
			dependencies = (
				A88A2BB02FE0C227003293EE /* PBXTargetDependency */,
			);
			fileSystemSynchronizedGroups = (
				A88A2BB12FE0C227003293EE /* Buttery_InternshipUITests */,
			);
			name = Buttery_InternshipUITests;
			packageProductDependencies = (
			);
			productName = Buttery_InternshipUITests;
			productReference = A88A2BAE2FE0C227003293EE /* Buttery_InternshipUITests.xctest */;
			productType = "com.apple.product-type.bundle.ui-testing";
		};
/* End PBXNativeTarget section */

/* Begin PBXProject section */
		A88A2B8D2FE0C225003293EE /* Project object */ = {
			isa = PBXProject;
			attributes = {
				BuildIndependentTargetsInParallel = 1;
				LastSwiftUpdateCheck = 2650;
				LastUpgradeCheck = 2650;
				TargetAttributes = {
					A88A2B942FE0C225003293EE = {
						CreatedOnToolsVersion = 26.5;
					};
					A88A2BA32FE0C227003293EE = {
						CreatedOnToolsVersion = 26.5;
						TestTargetID = A88A2B942FE0C225003293EE;
					};
					A88A2BAD2FE0C227003293EE = {
						CreatedOnToolsVersion = 26.5;
						TestTargetID = A88A2B942FE0C225003293EE;
					};
				};
			};
			buildConfigurationList = A88A2B902FE0C225003293EE /* Build configuration list for PBXProject "Buttery_Internship" */;
			developmentRegion = en;
			hasScannedForEncodings = 0;
			knownRegions = (
				en,
				Base,
			);
			mainGroup = A88A2B8C2FE0C225003293EE;
			minimizedProjectReferenceProxies = 1;
			preferredProjectObjectVersion = 77;
			productRefGroup = A88A2B962FE0C225003293EE /* Products */;
			projectDirPath = "";
			projectRoot = "";
			targets = (
				A88A2B942FE0C225003293EE /* Buttery_Internship */,
				A88A2BA32FE0C227003293EE /* Buttery_InternshipTests */,
				A88A2BAD2FE0C227003293EE /* Buttery_InternshipUITests */,
			);
		};
/* End PBXProject section */

/* Begin PBXResourcesBuildPhase section */
		A88A2B932FE0C225003293EE /* Resources */ = {
			isa = PBXResourcesBuildPhase;
			buildActionMask = 2147483647;
			files = (
			);
			runOnlyForDeploymentPostprocessing = 0;
		};
		A88A2BA22FE0C227003293EE /* Resources */ = {
			isa = PBXResourcesBuildPhase;
			buildActionMask = 2147483647;
			files = (
			);
			runOnlyForDeploymentPostprocessing = 0;
		};
		A88A2BAC2FE0C227003293EE /* Resources */ = {
			isa = PBXResourcesBuildPhase;
			buildActionMask = 2147483647;
			files = (
			);
			runOnlyForDeploymentPostprocessing = 0;
		};
/* End PBXResourcesBuildPhase section */

/* Begin PBXSourcesBuildPhase section */
		A88A2B912FE0C225003293EE /* Sources */ = {
			isa = PBXSourcesBuildPhase;
			buildActionMask = 2147483647;
			files = (
			);
			runOnlyForDeploymentPostprocessing = 0;
		};
		A88A2BA02FE0C227003293EE /* Sources */ = {
			isa = PBXSourcesBuildPhase;
			buildActionMask = 2147483647;
			files = (
			);
			runOnlyForDeploymentPostprocessing = 0;
		};
		A88A2BAA2FE0C227003293EE /* Sources */ = {
			isa = PBXSourcesBuildPhase;
			buildActionMask = 2147483647;
			files = (
			);
			runOnlyForDeploymentPostprocessing = 0;
		};
/* End PBXSourcesBuildPhase section */

/* Begin PBXTargetDependency section */
		A88A2BA62FE0C227003293EE /* PBXTargetDependency */ = {
			isa = PBXTargetDependency;
			target = A88A2B942FE0C225003293EE /* Buttery_Internship */;
			targetProxy = A88A2BA52FE0C227003293EE /* PBXContainerItemProxy */;
		};
		A88A2BB02FE0C227003293EE /* PBXTargetDependency */ = {
			isa = PBXTargetDependency;
			target = A88A2B942FE0C225003293EE /* Buttery_Internship */;
			targetProxy = A88A2BAF2FE0C227003293EE /* PBXContainerItemProxy */;
		};
/* End PBXTargetDependency section */

/* Begin XCBuildConfiguration section */
		A88A2BB62FE0C227003293EE /* Debug */ = {
			isa = XCBuildConfiguration;
			buildSettings = {
				ALWAYS_SEARCH_USER_PATHS = NO;
				ASSETCATALOG_COMPILER_GENERATE_SWIFT_ASSET_SYMBOL_EXTENSIONS = YES;
				CLANG_ANALYZER_NONNULL = YES;
				CLANG_ANALYZER_NUMBER_OBJECT_CONVERSION = YES_AGGRESSIVE;
				CLANG_CXX_LANGUAGE_STANDARD = "gnu++20";
				CLANG_ENABLE_MODULES = YES;
				CLANG_ENABLE_OBJC_ARC = YES;
				CLANG_ENABLE_OBJC_WEAK = YES;
				CLANG_WARN_BLOCK_CAPTURE_AUTORELEASING = YES;
				CLANG_WARN_BOOL_CONVERSION = YES;
				CLANG_WARN_COMMA = YES;
				CLANG_WARN_CONSTANT_CONVERSION = YES;
				CLANG_WARN_DEPRECATED_OBJC_IMPLEMENTATIONS = YES;
				CLANG_WARN_DIRECT_OBJC_ISA_USAGE = YES_ERROR;
				CLANG_WARN_DOCUMENTATION_COMMENTS = YES;
				CLANG_WARN_EMPTY_BODY = YES;
				CLANG_WARN_ENUM_CONVERSION = YES;
				CLANG_WARN_INFINITE_RECURSION = YES;
				CLANG_WARN_INT_CONVERSION = YES;
				CLANG_WARN_NON_LITERAL_NULL_CONVERSION = YES;
				CLANG_WARN_OBJC_IMPLICIT_RETAIN_SELF = YES;
				CLANG_WARN_OBJC_LITERAL_CONVERSION = YES;
				CLANG_WARN_OBJC_ROOT_CLASS = YES_ERROR;
				CLANG_WARN_QUOTED_INCLUDE_IN_FRAMEWORK_HEADER = YES;
				CLANG_WARN_RANGE_LOOP_ANALYSIS = YES;
				CLANG_WARN_STRICT_PROTOTYPES = YES;
				CLANG_WARN_SUSPICIOUS_MOVE = YES;
				CLANG_WARN_UNGUARDED_AVAILABILITY = YES_AGGRESSIVE;
				CLANG_WARN_UNREACHABLE_CODE = YES;
				CLANG_WARN__DUPLICATE_METHOD_MATCH = YES;
				COPY_PHASE_STRIP = NO;
				DEBUG_INFORMATION_FORMAT = dwarf;
				ENABLE_STRICT_OBJC_MSGSEND = YES;
				ENABLE_TESTABILITY = YES;
				ENABLE_USER_SCRIPT_SANDBOXING = YES;
				GCC_C_LANGUAGE_STANDARD = gnu17;
				GCC_DYNAMIC_NO_PIC = NO;
				GCC_NO_COMMON_BLOCKS = YES;
				GCC_OPTIMIZATION_LEVEL = 0;
				GCC_PREPROCESSOR_DEFINITIONS = (
					"DEBUG=1",
					"$(inherited)",
				);
				GCC_WARN_64_TO_32_BIT_CONVERSION = YES;
				GCC_WARN_ABOUT_RETURN_TYPE = YES_ERROR;
				GCC_WARN_UNDECLARED_SELECTOR = YES;
				GCC_WARN_UNINITIALIZED_AUTOS = YES_AGGRESSIVE;
				GCC_WARN_UNUSED_FUNCTION = YES;
				GCC_WARN_UNUSED_VARIABLE = YES;
				LOCALIZATION_PREFERS_STRING_CATALOGS = YES;
				MACOSX_DEPLOYMENT_TARGET = 26.5;
				MTL_ENABLE_DEBUG_INFO = INCLUDE_SOURCE;
				MTL_FAST_MATH = YES;
				ONLY_ACTIVE_ARCH = YES;
				SDKROOT = macosx;
				SWIFT_ACTIVE_COMPILATION_CONDITIONS = "DEBUG $(inherited)";
				SWIFT_OPTIMIZATION_LEVEL = "-Onone";
			};
			name = Debug;
		};
		A88A2BB72FE0C227003293EE /* Release */ = {
			isa = XCBuildConfiguration;
			buildSettings = {
				ALWAYS_SEARCH_USER_PATHS = NO;
				ASSETCATALOG_COMPILER_GENERATE_SWIFT_ASSET_SYMBOL_EXTENSIONS = YES;
				CLANG_ANALYZER_NONNULL = YES;
				CLANG_ANALYZER_NUMBER_OBJECT_CONVERSION = YES_AGGRESSIVE;
				CLANG_CXX_LANGUAGE_STANDARD = "gnu++20";
				CLANG_ENABLE_MODULES = YES;
				CLANG_ENABLE_OBJC_ARC = YES;
				CLANG_ENABLE_OBJC_WEAK = YES;
				CLANG_WARN_BLOCK_CAPTURE_AUTORELEASING = YES;
				CLANG_WARN_BOOL_CONVERSION = YES;
				CLANG_WARN_COMMA = YES;
				CLANG_WARN_CONSTANT_CONVERSION = YES;
				CLANG_WARN_DEPRECATED_OBJC_IMPLEMENTATIONS = YES;
				CLANG_WARN_DIRECT_OBJC_ISA_USAGE = YES_ERROR;
				CLANG_WARN_DOCUMENTATION_COMMENTS = YES;
				CLANG_WARN_EMPTY_BODY = YES;
				CLANG_WARN_ENUM_CONVERSION = YES;
				CLANG_WARN_INFINITE_RECURSION = YES;
				CLANG_WARN_INT_CONVERSION = YES;
				CLANG_WARN_NON_LITERAL_NULL_CONVERSION = YES;
				CLANG_WARN_OBJC_IMPLICIT_RETAIN_SELF = YES;
				CLANG_WARN_OBJC_LITERAL_CONVERSION = YES;
				CLANG_WARN_OBJC_ROOT_CLASS = YES_ERROR;
				CLANG_WARN_QUOTED_INCLUDE_IN_FRAMEWORK_HEADER = YES;
				CLANG_WARN_RANGE_LOOP_ANALYSIS = YES;
				CLANG_WARN_STRICT_PROTOTYPES = YES;
				CLANG_WARN_SUSPICIOUS_MOVE = YES;
				CLANG_WARN_UNGUARDED_AVAILABILITY = YES_AGGRESSIVE;
				CLANG_WARN_UNREACHABLE_CODE = YES;
				CLANG_WARN__DUPLICATE_METHOD_MATCH = YES;
				COPY_PHASE_STRIP = NO;
				DEBUG_INFORMATION_FORMAT = "dwarf-with-dsym";
				ENABLE_NS_ASSERTIONS = NO;
				ENABLE_STRICT_OBJC_MSGSEND = YES;
				ENABLE_USER_SCRIPT_SANDBOXING = YES;
				GCC_C_LANGUAGE_STANDARD = gnu17;
				GCC_NO_COMMON_BLOCKS = YES;
				GCC_WARN_64_TO_32_BIT_CONVERSION = YES;
				GCC_WARN_ABOUT_RETURN_TYPE = YES_ERROR;
				GCC_WARN_UNDECLARED_SELECTOR = YES;
				GCC_WARN_UNINITIALIZED_AUTOS = YES_AGGRESSIVE;
				GCC_WARN_UNUSED_FUNCTION = YES;
				GCC_WARN_UNUSED_VARIABLE = YES;
				LOCALIZATION_PREFERS_STRING_CATALOGS = YES;
				MACOSX_DEPLOYMENT_TARGET = 26.5;
				MTL_ENABLE_DEBUG_INFO = NO;
				MTL_FAST_MATH = YES;
				SDKROOT = macosx;
				SWIFT_COMPILATION_MODE = wholemodule;
			};
			name = Release;
		};
		A88A2BB92FE0C227003293EE /* Debug */ = {
			isa = XCBuildConfiguration;
			buildSettings = {
				ASSETCATALOG_COMPILER_APPICON_NAME = AppIcon;
				ASSETCATALOG_COMPILER_GLOBAL_ACCENT_COLOR_NAME = AccentColor;
				CODE_SIGN_STYLE = Automatic;
				COMBINE_HIDPI_IMAGES = YES;
				CURRENT_PROJECT_VERSION = 1;
				ENABLE_APP_SANDBOX = YES;
				ENABLE_PREVIEWS = YES;
				ENABLE_USER_SELECTED_FILES = readonly;
				GENERATE_INFOPLIST_FILE = YES;
				INFOPLIST_KEY_NSHumanReadableCopyright = "";
				LD_RUNPATH_SEARCH_PATHS = (
					"$(inherited)",
					"@executable_path/../Frameworks",
				);
				MARKETING_VERSION = 1.0;
				PRODUCT_BUNDLE_IDENTIFIER = "JasonZhang.Buttery-Internship";
				PRODUCT_NAME = "$(TARGET_NAME)";
				REGISTER_APP_GROUPS = YES;
				STRING_CATALOG_GENERATE_SYMBOLS = YES;
				SWIFT_APPROACHABLE_CONCURRENCY = YES;
				SWIFT_DEFAULT_ACTOR_ISOLATION = MainActor;
				SWIFT_EMIT_LOC_STRINGS = YES;
				SWIFT_UPCOMING_FEATURE_MEMBER_IMPORT_VISIBILITY = YES;
				SWIFT_VERSION = 5.0;
			};
			name = Debug;
		};
		A88A2BBA2FE0C227003293EE /* Release */ = {
			isa = XCBuildConfiguration;
			buildSettings = {
				ASSETCATALOG_COMPILER_APPICON_NAME = AppIcon;
				ASSETCATALOG_COMPILER_GLOBAL_ACCENT_COLOR_NAME = AccentColor;
				CODE_SIGN_STYLE = Automatic;
				COMBINE_HIDPI_IMAGES = YES;
				CURRENT_PROJECT_VERSION = 1;
				ENABLE_APP_SANDBOX = YES;
				ENABLE_PREVIEWS = YES;
				ENABLE_USER_SELECTED_FILES = readonly;
				GENERATE_INFOPLIST_FILE = YES;
				INFOPLIST_KEY_NSHumanReadableCopyright = "";
				LD_RUNPATH_SEARCH_PATHS = (
					"$(inherited)",
					"@executable_path/../Frameworks",
				);
				MARKETING_VERSION = 1.0;
				PRODUCT_BUNDLE_IDENTIFIER = "JasonZhang.Buttery-Internship";
				PRODUCT_NAME = "$(TARGET_NAME)";
				REGISTER_APP_GROUPS = YES;
				STRING_CATALOG_GENERATE_SYMBOLS = YES;
				SWIFT_APPROACHABLE_CONCURRENCY = YES;
				SWIFT_DEFAULT_ACTOR_ISOLATION = MainActor;
				SWIFT_EMIT_LOC_STRINGS = YES;
				SWIFT_UPCOMING_FEATURE_MEMBER_IMPORT_VISIBILITY = YES;
				SWIFT_VERSION = 5.0;
			};
			name = Release;
		};
		A88A2BBC2FE0C227003293EE /* Debug */ = {
			isa = XCBuildConfiguration;
			buildSettings = {
				BUNDLE_LOADER = "$(TEST_HOST)";
				CODE_SIGN_STYLE = Automatic;
				CURRENT_PROJECT_VERSION = 1;
				GENERATE_INFOPLIST_FILE = YES;
				MACOSX_DEPLOYMENT_TARGET = 26.5;
				MARKETING_VERSION = 1.0;
				PRODUCT_BUNDLE_IDENTIFIER = "JasonZhang.Buttery-InternshipTests";
				PRODUCT_NAME = "$(TARGET_NAME)";
				STRING_CATALOG_GENERATE_SYMBOLS = NO;
				SWIFT_APPROACHABLE_CONCURRENCY = YES;
				SWIFT_EMIT_LOC_STRINGS = NO;
				SWIFT_UPCOMING_FEATURE_MEMBER_IMPORT_VISIBILITY = YES;
				SWIFT_VERSION = 5.0;
				TEST_HOST = "$(BUILT_PRODUCTS_DIR)/Buttery_Internship.app/$(BUNDLE_EXECUTABLE_FOLDER_PATH)/Buttery_Internship";
			};
			name = Debug;
		};
		A88A2BBD2FE0C227003293EE /* Release */ = {
			isa = XCBuildConfiguration;
			buildSettings = {
				BUNDLE_LOADER = "$(TEST_HOST)";
				CODE_SIGN_STYLE = Automatic;
				CURRENT_PROJECT_VERSION = 1;
				GENERATE_INFOPLIST_FILE = YES;
				MACOSX_DEPLOYMENT_TARGET = 26.5;
				MARKETING_VERSION = 1.0;
				PRODUCT_BUNDLE_IDENTIFIER = "JasonZhang.Buttery-InternshipTests";
				PRODUCT_NAME = "$(TARGET_NAME)";
				STRING_CATALOG_GENERATE_SYMBOLS = NO;
				SWIFT_APPROACHABLE_CONCURRENCY = YES;
				SWIFT_EMIT_LOC_STRINGS = NO;
				SWIFT_UPCOMING_FEATURE_MEMBER_IMPORT_VISIBILITY = YES;
				SWIFT_VERSION = 5.0;
				TEST_HOST = "$(BUILT_PRODUCTS_DIR)/Buttery_Internship.app/$(BUNDLE_EXECUTABLE_FOLDER_PATH)/Buttery_Internship";
			};
			name = Release;
		};
		A88A2BBF2FE0C227003293EE /* Debug */ = {
			isa = XCBuildConfiguration;
			buildSettings = {
				CODE_SIGN_STYLE = Automatic;
				CURRENT_PROJECT_VERSION = 1;
				GENERATE_INFOPLIST_FILE = YES;
				MARKETING_VERSION = 1.0;
				PRODUCT_BUNDLE_IDENTIFIER = "JasonZhang.Buttery-InternshipUITests";
				PRODUCT_NAME = "$(TARGET_NAME)";
				STRING_CATALOG_GENERATE_SYMBOLS = NO;
				SWIFT_APPROACHABLE_CONCURRENCY = YES;
				SWIFT_EMIT_LOC_STRINGS = NO;
				SWIFT_UPCOMING_FEATURE_MEMBER_IMPORT_VISIBILITY = YES;
				SWIFT_VERSION = 5.0;
				TEST_TARGET_NAME = Buttery_Internship;
			};
			name = Debug;
		};
		A88A2BC02FE0C227003293EE /* Release */ = {
			isa = XCBuildConfiguration;
			buildSettings = {
				CODE_SIGN_STYLE = Automatic;
				CURRENT_PROJECT_VERSION = 1;
				GENERATE_INFOPLIST_FILE = YES;
				MARKETING_VERSION = 1.0;
				PRODUCT_BUNDLE_IDENTIFIER = "JasonZhang.Buttery-InternshipUITests";
				PRODUCT_NAME = "$(TARGET_NAME)";
				STRING_CATALOG_GENERATE_SYMBOLS = NO;
				SWIFT_APPROACHABLE_CONCURRENCY = YES;
				SWIFT_EMIT_LOC_STRINGS = NO;
				SWIFT_UPCOMING_FEATURE_MEMBER_IMPORT_VISIBILITY = YES;
				SWIFT_VERSION = 5.0;
				TEST_TARGET_NAME = Buttery_Internship;
			};
			name = Release;
		};
/* End XCBuildConfiguration section */

/* Begin XCConfigurationList section */
		A88A2B902FE0C225003293EE /* Build configuration list for PBXProject "Buttery_Internship" */ = {
			isa = XCConfigurationList;
			buildConfigurations = (
				A88A2BB62FE0C227003293EE /* Debug */,
				A88A2BB72FE0C227003293EE /* Release */,
			);
			defaultConfigurationIsVisible = 0;
			defaultConfigurationName = Release;
		};
		A88A2BB82FE0C227003293EE /* Build configuration list for PBXNativeTarget "Buttery_Internship" */ = {
			isa = XCConfigurationList;
			buildConfigurations = (
				A88A2BB92FE0C227003293EE /* Debug */,
				A88A2BBA2FE0C227003293EE /* Release */,
			);
			defaultConfigurationIsVisible = 0;
			defaultConfigurationName = Release;
		};
		A88A2BBB2FE0C227003293EE /* Build configuration list for PBXNativeTarget "Buttery_InternshipTests" */ = {
			isa = XCConfigurationList;
			buildConfigurations = (
				A88A2BBC2FE0C227003293EE /* Debug */,
				A88A2BBD2FE0C227003293EE /* Release */,
			);
			defaultConfigurationIsVisible = 0;
			defaultConfigurationName = Release;
		};
		A88A2BBE2FE0C227003293EE /* Build configuration list for PBXNativeTarget "Buttery_InternshipUITests" */ = {
			isa = XCConfigurationList;
			buildConfigurations = (
				A88A2BBF2FE0C227003293EE /* Debug */,
				A88A2BC02FE0C227003293EE /* Release */,
			);
			defaultConfigurationIsVisible = 0;
			defaultConfigurationName = Release;
		};
/* End XCConfigurationList section */
	};
	rootObject = A88A2B8D2FE0C225003293EE /* Project object */;
}
